// !$*UTF8*$!
{
	archiveVersion = 1;
	classes = {
	};
	objectVersion = 56;
	objects = {

/* Begin PBXBuildFile section */
		771583FC2A5E40EA00DBD2D4 /* FilterViewController.swift in Sources */ = {isa = PBXBuildFile; fileRef = 771583FB2A5E40EA00DBD2D4 /* FilterViewController.swift */; };
		771583FE2A5E40FE00DBD2D4 /* FilterViewModel.swift in Sources */ = {isa = PBXBuildFile; fileRef = 771583FD2A5E40FE00DBD2D4 /* FilterViewModel.swift */; };
		771584002A5E415900DBD2D4 /* MajorCell.swift in Sources */ = {isa = PBXBuildFile; fileRef = 771583FF2A5E415900DBD2D4 /* MajorCell.swift */; };
		771584032A5E770C00DBD2D4 /* FilterModel.swift in Sources */ = {isa = PBXBuildFile; fileRef = 771584022A5E770C00DBD2D4 /* FilterModel.swift */; };
		771584072A5FB84900DBD2D4 /* ProfileModel.swift in Sources */ = {isa = PBXBuildFile; fileRef = 771584062A5FB84900DBD2D4 /* ProfileModel.swift */; };
		7715840A2A5FB8B100DBD2D4 /* AccountServices.swift in Sources */ = {isa = PBXBuildFile; fileRef = 771584092A5FB8B100DBD2D4 /* AccountServices.swift */; };
		7715840F2A600BCA00DBD2D4 /* EditViewModel.swift in Sources */ = {isa = PBXBuildFile; fileRef = 7715840E2A600BCA00DBD2D4 /* EditViewModel.swift */; };
		771584112A600BDE00DBD2D4 /* EditViewController.swift in Sources */ = {isa = PBXBuildFile; fileRef = 771584102A600BDE00DBD2D4 /* EditViewController.swift */; };
		771584132A600D1900DBD2D4 /* EditTextField.swift in Sources */ = {isa = PBXBuildFile; fileRef = 771584122A600D1900DBD2D4 /* EditTextField.swift */; };
		775BE4762A490E1F00DD68CD /* AppDelegate.swift in Sources */ = {isa = PBXBuildFile; fileRef = 775BE4752A490E1F00DD68CD /* AppDelegate.swift */; };
		775BE4782A490E1F00DD68CD /* SceneDelegate.swift in Sources */ = {isa = PBXBuildFile; fileRef = 775BE4772A490E1F00DD68CD /* SceneDelegate.swift */; };
		775BE47A2A490E1F00DD68CD /* BaseViewModel.swift in Sources */ = {isa = PBXBuildFile; fileRef = 775BE4792A490E1F00DD68CD /* BaseViewModel.swift */; };
		775BE47F2A490E2000DD68CD /* Assets.xcassets in Resources */ = {isa = PBXBuildFile; fileRef = 775BE47E2A490E2000DD68CD /* Assets.xcassets */; };
		775BE4822A490E2000DD68CD /* LaunchScreen.storyboard in Resources */ = {isa = PBXBuildFile; fileRef = 775BE4802A490E2000DD68CD /* LaunchScreen.storyboard */; };
		775BE48B2A4950D500DD68CD /* RxFlow in Frameworks */ = {isa = PBXBuildFile; productRef = 775BE48A2A4950D500DD68CD /* RxFlow */; };
		775BE4962A49867800DD68CD /* BaseViewController.swift in Sources */ = {isa = PBXBuildFile; fileRef = 775BE4952A49867800DD68CD /* BaseViewController.swift */; };
		775BE49B2A49A05F00DD68CD /* OnBoardingViewModel.swift in Sources */ = {isa = PBXBuildFile; fileRef = 775BE49A2A49A05F00DD68CD /* OnBoardingViewModel.swift */; };
		775BE4A02A49A12D00DD68CD /* GAuthSignin in Frameworks */ = {isa = PBXBuildFile; productRef = 775BE49F2A49A12D00DD68CD /* GAuthSignin */; };
		775BE4A32A49A13B00DD68CD /* SnapKit in Frameworks */ = {isa = PBXBuildFile; productRef = 775BE4A22A49A13B00DD68CD /* SnapKit */; };
		775BE4A62A49A14E00DD68CD /* Then in Frameworks */ = {isa = PBXBuildFile; productRef = 775BE4A52A49A14E00DD68CD /* Then */; };
		775BE4A82A49A19A00DD68CD /* OnBoardingViewController.swift in Sources */ = {isa = PBXBuildFile; fileRef = 775BE4A72A49A19A00DD68CD /* OnBoardingViewController.swift */; };
		775BE4AA2A49A2E500DD68CD /* AppFlow.swift in Sources */ = {isa = PBXBuildFile; fileRef = 775BE4A92A49A2E500DD68CD /* AppFlow.swift */; };
		775BE4AD2A49A36A00DD68CD /* JGStep.swift in Sources */ = {isa = PBXBuildFile; fileRef = 775BE4AC2A49A36A00DD68CD /* JGStep.swift */; };
		775BE4B22A49A43F00DD68CD /* OnBoardingFlow.swift in Sources */ = {isa = PBXBuildFile; fileRef = 775BE4B12A49A43F00DD68CD /* OnBoardingFlow.swift */; };
		775BE4B72A49A78200DD68CD /* NotoSansKR-Medium.otf in Resources */ = {isa = PBXBuildFile; fileRef = 775BE4B42A49A78200DD68CD /* NotoSansKR-Medium.otf */; };
		775BE4B82A49A78200DD68CD /* NotoSansKR-Regular.otf in Resources */ = {isa = PBXBuildFile; fileRef = 775BE4B52A49A78200DD68CD /* NotoSansKR-Regular.otf */; };
		775BE4B92A49A78200DD68CD /* NotoSansKR-Bold.otf in Resources */ = {isa = PBXBuildFile; fileRef = 775BE4B62A49A78200DD68CD /* NotoSansKR-Bold.otf */; };
		775BE4BC2A49A7B500DD68CD /* UIFont.swift in Sources */ = {isa = PBXBuildFile; fileRef = 775BE4BB2A49A7B500DD68CD /* UIFont.swift */; };
		775BE4BF2A49A85500DD68CD /* UIColor.swift in Sources */ = {isa = PBXBuildFile; fileRef = 775BE4BE2A49A85500DD68CD /* UIColor.swift */; };
		775BE4C12A49DB0F00DD68CD /* Bundle.swift in Sources */ = {isa = PBXBuildFile; fileRef = 775BE4C02A49DB0F00DD68CD /* Bundle.swift */; };
		775BE4C62A4AF99D00DD68CD /* InsertInfoViewModel.swift in Sources */ = {isa = PBXBuildFile; fileRef = 775BE4C52A4AF99D00DD68CD /* InsertInfoViewModel.swift */; };
		775BE4C82A4AFAE500DD68CD /* InsertInfoViewController.swift in Sources */ = {isa = PBXBuildFile; fileRef = 775BE4C72A4AFAE500DD68CD /* InsertInfoViewController.swift */; };
		775BE4CC2A4AFC1100DD68CD /* JGTextField.swift in Sources */ = {isa = PBXBuildFile; fileRef = 775BE4CB2A4AFC1100DD68CD /* JGTextField.swift */; };
		775BE4D12A4C205F00DD68CD /* TextField.swift in Sources */ = {isa = PBXBuildFile; fileRef = 775BE4D02A4C205F00DD68CD /* TextField.swift */; };
		775BE4D62A4C281B00DD68CD /* JGButton.swift in Sources */ = {isa = PBXBuildFile; fileRef = 775BE4D52A4C281B00DD68CD /* JGButton.swift */; };
		77C033322A4C2F8A008E95D6 /* HomeViewController.swift in Sources */ = {isa = PBXBuildFile; fileRef = 77C033312A4C2F8A008E95D6 /* HomeViewController.swift */; };
		77C033372A4C2FFA008E95D6 /* HomeViewModel.swift in Sources */ = {isa = PBXBuildFile; fileRef = 77C033362A4C2FFA008E95D6 /* HomeViewModel.swift */; };
		77C0333C2A4C30BF008E95D6 /* MOUViewController.swift in Sources */ = {isa = PBXBuildFile; fileRef = 77C0333B2A4C30BF008E95D6 /* MOUViewController.swift */; };
		77C0333E2A4C30D1008E95D6 /* MOUViewModel.swift in Sources */ = {isa = PBXBuildFile; fileRef = 77C0333D2A4C30D1008E95D6 /* MOUViewModel.swift */; };
		77C033442A4C312B008E95D6 /* ProfileViewController.swift in Sources */ = {isa = PBXBuildFile; fileRef = 77C033432A4C312B008E95D6 /* ProfileViewController.swift */; };
		77C033462A4C313A008E95D6 /* ProfileViewModel.swift in Sources */ = {isa = PBXBuildFile; fileRef = 77C033452A4C313A008E95D6 /* ProfileViewModel.swift */; };
		77C0334A2A4C4856008E95D6 /* TabBarFlow.swift in Sources */ = {isa = PBXBuildFile; fileRef = 77C033492A4C4856008E95D6 /* TabBarFlow.swift */; };
		77C0334D2A4C4978008E95D6 /* JGTabBar.swift in Sources */ = {isa = PBXBuildFile; fileRef = 77C0334C2A4C4978008E95D6 /* JGTabBar.swift */; };
		77C0334F2A4C4ADF008E95D6 /* HomeFlow.swift in Sources */ = {isa = PBXBuildFile; fileRef = 77C0334E2A4C4ADF008E95D6 /* HomeFlow.swift */; };
		77C033512A4C4AF5008E95D6 /* MOUFlow.swift in Sources */ = {isa = PBXBuildFile; fileRef = 77C033502A4C4AF5008E95D6 /* MOUFlow.swift */; };
		77C033532A4C4B01008E95D6 /* ProfileFlow.swift in Sources */ = {isa = PBXBuildFile; fileRef = 77C033522A4C4B01008E95D6 /* ProfileFlow.swift */; };
		77C033602A4DC581008E95D6 /* JGHomeLogo.swift in Sources */ = {isa = PBXBuildFile; fileRef = 77C0335F2A4DC581008E95D6 /* JGHomeLogo.swift */; };
		77C033632A4DC8E3008E95D6 /* HomeListCell.swift in Sources */ = {isa = PBXBuildFile; fileRef = 77C033622A4DC8E3008E95D6 /* HomeListCell.swift */; };
		77C033662A4DE964008E95D6 /* MOUListCell.swift in Sources */ = {isa = PBXBuildFile; fileRef = 77C033652A4DE964008E95D6 /* MOUListCell.swift */; };
		77C033692A52A7E1008E95D6 /* UserCell.swift in Sources */ = {isa = PBXBuildFile; fileRef = 77C033682A52A7E1008E95D6 /* UserCell.swift */; };
		77C033702A52B88B008E95D6 /* BaseURL.swift in Sources */ = {isa = PBXBuildFile; fileRef = 77C0336F2A52B88B008E95D6 /* BaseURL.swift */; };
		77C033732A52BCB0008E95D6 /* SignInModel.swift in Sources */ = {isa = PBXBuildFile; fileRef = 77C033722A52BCB0008E95D6 /* SignInModel.swift */; };
		77C033772A52BD2C008E95D6 /* SignInRequest.swift in Sources */ = {isa = PBXBuildFile; fileRef = 77C033762A52BD2C008E95D6 /* SignInRequest.swift */; };
		77C0337A2A52BD62008E95D6 /* AuthServices.swift in Sources */ = {isa = PBXBuildFile; fileRef = 77C033792A52BD62008E95D6 /* AuthServices.swift */; };
		77C0337D2A52BDD3008E95D6 /* Moya in Frameworks */ = {isa = PBXBuildFile; productRef = 77C0337C2A52BDD3008E95D6 /* Moya */; };
		77C033802A52DE02008E95D6 /* RefreshTokenModel.swift in Sources */ = {isa = PBXBuildFile; fileRef = 77C0337F2A52DE02008E95D6 /* RefreshTokenModel.swift */; };
		77C033842A52DF78008E95D6 /* JGToken.swift in Sources */ = {isa = PBXBuildFile; fileRef = 77C033832A52DF78008E95D6 /* JGToken.swift */; };
		77C033862A52E014008E95D6 /* JGRefreshToken.swift in Sources */ = {isa = PBXBuildFile; fileRef = 77C033852A52E014008E95D6 /* JGRefreshToken.swift */; };
		77C0339F2A54E7B7008E95D6 /* HomeListModel.swift in Sources */ = {isa = PBXBuildFile; fileRef = 77C0339E2A54E7B7008E95D6 /* HomeListModel.swift */; };
		77C033A32A54E896008E95D6 /* JobServices.swift in Sources */ = {isa = PBXBuildFile; fileRef = 77C033A22A54E896008E95D6 /* JobServices.swift */; };
		77C033A62A550676008E95D6 /* Kingfisher in Frameworks */ = {isa = PBXBuildFile; productRef = 77C033A52A550676008E95D6 /* Kingfisher */; };
		77C033AE2A550815008E95D6 /* DetailTitle.swift in Sources */ = {isa = PBXBuildFile; fileRef = 77C033AD2A550815008E95D6 /* DetailTitle.swift */; };
		77C033B02A55081D008E95D6 /* DetailContent.swift in Sources */ = {isa = PBXBuildFile; fileRef = 77C033AF2A55081D008E95D6 /* DetailContent.swift */; };
		77C033B22A550956008E95D6 /* DetailViewModel.swift in Sources */ = {isa = PBXBuildFile; fileRef = 77C033B12A550956008E95D6 /* DetailViewModel.swift */; };
		77C033B42A5509CB008E95D6 /* DetailViewController.swift in Sources */ = {isa = PBXBuildFile; fileRef = 77C033B32A5509CB008E95D6 /* DetailViewController.swift */; };
		77C033BA2A556CD3008E95D6 /* DetailModel.swift in Sources */ = {isa = PBXBuildFile; fileRef = 77C033B92A556CD3008E95D6 /* DetailModel.swift */; };
		77C033C02A564CEE008E95D6 /* MajorLabel.swift in Sources */ = {isa = PBXBuildFile; fileRef = 77C033BF2A564CEE008E95D6 /* MajorLabel.swift */; };
		77C033C32A565804008E95D6 /* SingleCustomView.swift in Sources */ = {isa = PBXBuildFile; fileRef = 77C033C22A565804008E95D6 /* SingleCustomView.swift */; };
		77C033C62A568509008E95D6 /* FourCustomView.swift in Sources */ = {isa = PBXBuildFile; fileRef = 77C033C52A568509008E95D6 /* FourCustomView.swift */; };
/* End PBXBuildFile section */

/* Begin PBXFileReference section */
		771583FB2A5E40EA00DBD2D4 /* FilterViewController.swift */ = {isa = PBXFileReference; lastKnownFileType = sourcecode.swift; path = FilterViewController.swift; sourceTree = "<group>"; };
		771583FD2A5E40FE00DBD2D4 /* FilterViewModel.swift */ = {isa = PBXFileReference; lastKnownFileType = sourcecode.swift; path = FilterViewModel.swift; sourceTree = "<group>"; };
		771583FF2A5E415900DBD2D4 /* MajorCell.swift */ = {isa = PBXFileReference; lastKnownFileType = sourcecode.swift; path = MajorCell.swift; sourceTree = "<group>"; };
		771584022A5E770C00DBD2D4 /* FilterModel.swift */ = {isa = PBXFileReference; lastKnownFileType = sourcecode.swift; path = FilterModel.swift; sourceTree = "<group>"; };
		771584062A5FB84900DBD2D4 /* ProfileModel.swift */ = {isa = PBXFileReference; lastKnownFileType = sourcecode.swift; path = ProfileModel.swift; sourceTree = "<group>"; };
		771584092A5FB8B100DBD2D4 /* AccountServices.swift */ = {isa = PBXFileReference; lastKnownFileType = sourcecode.swift; path = AccountServices.swift; sourceTree = "<group>"; };
		7715840E2A600BCA00DBD2D4 /* EditViewModel.swift */ = {isa = PBXFileReference; lastKnownFileType = sourcecode.swift; path = EditViewModel.swift; sourceTree = "<group>"; };
		771584102A600BDE00DBD2D4 /* EditViewController.swift */ = {isa = PBXFileReference; lastKnownFileType = sourcecode.swift; path = EditViewController.swift; sourceTree = "<group>"; };
		771584122A600D1900DBD2D4 /* EditTextField.swift */ = {isa = PBXFileReference; lastKnownFileType = sourcecode.swift; path = EditTextField.swift; sourceTree = "<group>"; };
		775BE4722A490E1F00DD68CD /* job-gsm.app */ = {isa = PBXFileReference; explicitFileType = wrapper.application; includeInIndex = 0; path = "job-gsm.app"; sourceTree = BUILT_PRODUCTS_DIR; };
		775BE4752A490E1F00DD68CD /* AppDelegate.swift */ = {isa = PBXFileReference; lastKnownFileType = sourcecode.swift; path = AppDelegate.swift; sourceTree = "<group>"; };
		775BE4772A490E1F00DD68CD /* SceneDelegate.swift */ = {isa = PBXFileReference; lastKnownFileType = sourcecode.swift; path = SceneDelegate.swift; sourceTree = "<group>"; };
		775BE4792A490E1F00DD68CD /* BaseViewModel.swift */ = {isa = PBXFileReference; lastKnownFileType = sourcecode.swift; path = BaseViewModel.swift; sourceTree = "<group>"; };
		775BE47E2A490E2000DD68CD /* Assets.xcassets */ = {isa = PBXFileReference; lastKnownFileType = folder.assetcatalog; path = Assets.xcassets; sourceTree = "<group>"; };
		775BE4812A490E2000DD68CD /* Base */ = {isa = PBXFileReference; lastKnownFileType = file.storyboard; name = Base; path = Base.lproj/LaunchScreen.storyboard; sourceTree = "<group>"; };
		775BE4832A490E2000DD68CD /* Info.plist */ = {isa = PBXFileReference; lastKnownFileType = text.plist.xml; path = Info.plist; sourceTree = "<group>"; };
		775BE4952A49867800DD68CD /* BaseViewController.swift */ = {isa = PBXFileReference; lastKnownFileType = sourcecode.swift; path = BaseViewController.swift; sourceTree = "<group>"; };
		775BE49A2A49A05F00DD68CD /* OnBoardingViewModel.swift */ = {isa = PBXFileReference; lastKnownFileType = sourcecode.swift; path = OnBoardingViewModel.swift; sourceTree = "<group>"; };
		775BE4A72A49A19A00DD68CD /* OnBoardingViewController.swift */ = {isa = PBXFileReference; lastKnownFileType = sourcecode.swift; path = OnBoardingViewController.swift; sourceTree = "<group>"; };
		775BE4A92A49A2E500DD68CD /* AppFlow.swift */ = {isa = PBXFileReference; lastKnownFileType = sourcecode.swift; path = AppFlow.swift; sourceTree = "<group>"; };
		775BE4AC2A49A36A00DD68CD /* JGStep.swift */ = {isa = PBXFileReference; lastKnownFileType = sourcecode.swift; path = JGStep.swift; sourceTree = "<group>"; };
		775BE4B12A49A43F00DD68CD /* OnBoardingFlow.swift */ = {isa = PBXFileReference; lastKnownFileType = sourcecode.swift; path = OnBoardingFlow.swift; sourceTree = "<group>"; };
		775BE4B42A49A78200DD68CD /* NotoSansKR-Medium.otf */ = {isa = PBXFileReference; lastKnownFileType = file; name = "NotoSansKR-Medium.otf"; path = "../../../../../../Downloads/Noto_Sans_KR (3)/NotoSansKR-Medium.otf"; sourceTree = "<group>"; };
		775BE4B52A49A78200DD68CD /* NotoSansKR-Regular.otf */ = {isa = PBXFileReference; lastKnownFileType = file; name = "NotoSansKR-Regular.otf"; path = "../../../../../../Downloads/Noto_Sans_KR (3)/NotoSansKR-Regular.otf"; sourceTree = "<group>"; };
		775BE4B62A49A78200DD68CD /* NotoSansKR-Bold.otf */ = {isa = PBXFileReference; lastKnownFileType = file; name = "NotoSansKR-Bold.otf"; path = "../../../../../../Downloads/Noto_Sans_KR (3)/NotoSansKR-Bold.otf"; sourceTree = "<group>"; };
		775BE4BB2A49A7B500DD68CD /* UIFont.swift */ = {isa = PBXFileReference; lastKnownFileType = sourcecode.swift; path = UIFont.swift; sourceTree = "<group>"; };
		775BE4BE2A49A85500DD68CD /* UIColor.swift */ = {isa = PBXFileReference; lastKnownFileType = sourcecode.swift; path = UIColor.swift; sourceTree = "<group>"; };
		775BE4C02A49DB0F00DD68CD /* Bundle.swift */ = {isa = PBXFileReference; lastKnownFileType = sourcecode.swift; path = Bundle.swift; sourceTree = "<group>"; };
		775BE4C52A4AF99D00DD68CD /* InsertInfoViewModel.swift */ = {isa = PBXFileReference; lastKnownFileType = sourcecode.swift; path = InsertInfoViewModel.swift; sourceTree = "<group>"; };
		775BE4C72A4AFAE500DD68CD /* InsertInfoViewController.swift */ = {isa = PBXFileReference; lastKnownFileType = sourcecode.swift; path = InsertInfoViewController.swift; sourceTree = "<group>"; };
		775BE4CB2A4AFC1100DD68CD /* JGTextField.swift */ = {isa = PBXFileReference; lastKnownFileType = sourcecode.swift; path = JGTextField.swift; sourceTree = "<group>"; };
		775BE4D02A4C205F00DD68CD /* TextField.swift */ = {isa = PBXFileReference; lastKnownFileType = sourcecode.swift; path = TextField.swift; sourceTree = "<group>"; };
		775BE4D52A4C281B00DD68CD /* JGButton.swift */ = {isa = PBXFileReference; lastKnownFileType = sourcecode.swift; name = JGButton.swift; path = "job-gsm/DesignSystem/JGButton.swift"; sourceTree = SOURCE_ROOT; };
		77C033312A4C2F8A008E95D6 /* HomeViewController.swift */ = {isa = PBXFileReference; lastKnownFileType = sourcecode.swift; path = HomeViewController.swift; sourceTree = "<group>"; };
		77C033362A4C2FFA008E95D6 /* HomeViewModel.swift */ = {isa = PBXFileReference; lastKnownFileType = sourcecode.swift; path = HomeViewModel.swift; sourceTree = "<group>"; };
		77C0333B2A4C30BF008E95D6 /* MOUViewController.swift */ = {isa = PBXFileReference; lastKnownFileType = sourcecode.swift; path = MOUViewController.swift; sourceTree = "<group>"; };
		77C0333D2A4C30D1008E95D6 /* MOUViewModel.swift */ = {isa = PBXFileReference; lastKnownFileType = sourcecode.swift; path = MOUViewModel.swift; sourceTree = "<group>"; };
		77C033432A4C312B008E95D6 /* ProfileViewController.swift */ = {isa = PBXFileReference; lastKnownFileType = sourcecode.swift; path = ProfileViewController.swift; sourceTree = "<group>"; };
		77C033452A4C313A008E95D6 /* ProfileViewModel.swift */ = {isa = PBXFileReference; lastKnownFileType = sourcecode.swift; path = ProfileViewModel.swift; sourceTree = "<group>"; };
		77C033492A4C4856008E95D6 /* TabBarFlow.swift */ = {isa = PBXFileReference; lastKnownFileType = sourcecode.swift; path = TabBarFlow.swift; sourceTree = "<group>"; };
		77C0334C2A4C4978008E95D6 /* JGTabBar.swift */ = {isa = PBXFileReference; lastKnownFileType = sourcecode.swift; path = JGTabBar.swift; sourceTree = "<group>"; };
		77C0334E2A4C4ADF008E95D6 /* HomeFlow.swift */ = {isa = PBXFileReference; lastKnownFileType = sourcecode.swift; path = HomeFlow.swift; sourceTree = "<group>"; };
		77C033502A4C4AF5008E95D6 /* MOUFlow.swift */ = {isa = PBXFileReference; lastKnownFileType = sourcecode.swift; path = MOUFlow.swift; sourceTree = "<group>"; };
		77C033522A4C4B01008E95D6 /* ProfileFlow.swift */ = {isa = PBXFileReference; lastKnownFileType = sourcecode.swift; path = ProfileFlow.swift; sourceTree = "<group>"; };
		77C0335F2A4DC581008E95D6 /* JGHomeLogo.swift */ = {isa = PBXFileReference; lastKnownFileType = sourcecode.swift; path = JGHomeLogo.swift; sourceTree = "<group>"; };
		77C033622A4DC8E3008E95D6 /* HomeListCell.swift */ = {isa = PBXFileReference; lastKnownFileType = sourcecode.swift; path = HomeListCell.swift; sourceTree = "<group>"; };
		77C033652A4DE964008E95D6 /* MOUListCell.swift */ = {isa = PBXFileReference; lastKnownFileType = sourcecode.swift; path = MOUListCell.swift; sourceTree = "<group>"; };
		77C033682A52A7E1008E95D6 /* UserCell.swift */ = {isa = PBXFileReference; lastKnownFileType = sourcecode.swift; path = UserCell.swift; sourceTree = "<group>"; };
		77C0336F2A52B88B008E95D6 /* BaseURL.swift */ = {isa = PBXFileReference; lastKnownFileType = sourcecode.swift; path = BaseURL.swift; sourceTree = "<group>"; };
		77C033722A52BCB0008E95D6 /* SignInModel.swift */ = {isa = PBXFileReference; lastKnownFileType = sourcecode.swift; path = SignInModel.swift; sourceTree = "<group>"; };
		77C033762A52BD2C008E95D6 /* SignInRequest.swift */ = {isa = PBXFileReference; lastKnownFileType = sourcecode.swift; path = SignInRequest.swift; sourceTree = "<group>"; };
		77C033792A52BD62008E95D6 /* AuthServices.swift */ = {isa = PBXFileReference; lastKnownFileType = sourcecode.swift; path = AuthServices.swift; sourceTree = "<group>"; };
		77C0337F2A52DE02008E95D6 /* RefreshTokenModel.swift */ = {isa = PBXFileReference; lastKnownFileType = sourcecode.swift; path = RefreshTokenModel.swift; sourceTree = "<group>"; };
		77C033832A52DF78008E95D6 /* JGToken.swift */ = {isa = PBXFileReference; lastKnownFileType = sourcecode.swift; path = JGToken.swift; sourceTree = "<group>"; };
		77C033852A52E014008E95D6 /* JGRefreshToken.swift */ = {isa = PBXFileReference; lastKnownFileType = sourcecode.swift; path = JGRefreshToken.swift; sourceTree = "<group>"; };
		77C0339E2A54E7B7008E95D6 /* HomeListModel.swift */ = {isa = PBXFileReference; lastKnownFileType = sourcecode.swift; path = HomeListModel.swift; sourceTree = "<group>"; };
		77C033A22A54E896008E95D6 /* JobServices.swift */ = {isa = PBXFileReference; lastKnownFileType = sourcecode.swift; path = JobServices.swift; sourceTree = "<group>"; };
		77C033AD2A550815008E95D6 /* DetailTitle.swift */ = {isa = PBXFileReference; lastKnownFileType = sourcecode.swift; path = DetailTitle.swift; sourceTree = "<group>"; };
		77C033AF2A55081D008E95D6 /* DetailContent.swift */ = {isa = PBXFileReference; lastKnownFileType = sourcecode.swift; path = DetailContent.swift; sourceTree = "<group>"; };
		77C033B12A550956008E95D6 /* DetailViewModel.swift */ = {isa = PBXFileReference; lastKnownFileType = sourcecode.swift; path = DetailViewModel.swift; sourceTree = "<group>"; };
		77C033B32A5509CB008E95D6 /* DetailViewController.swift */ = {isa = PBXFileReference; lastKnownFileType = sourcecode.swift; path = DetailViewController.swift; sourceTree = "<group>"; };
		77C033B92A556CD3008E95D6 /* DetailModel.swift */ = {isa = PBXFileReference; lastKnownFileType = sourcecode.swift; path = DetailModel.swift; sourceTree = "<group>"; };
		77C033BF2A564CEE008E95D6 /* MajorLabel.swift */ = {isa = PBXFileReference; lastKnownFileType = sourcecode.swift; path = MajorLabel.swift; sourceTree = "<group>"; };
		77C033C22A565804008E95D6 /* SingleCustomView.swift */ = {isa = PBXFileReference; lastKnownFileType = sourcecode.swift; path = SingleCustomView.swift; sourceTree = "<group>"; };
		77C033C52A568509008E95D6 /* FourCustomView.swift */ = {isa = PBXFileReference; lastKnownFileType = sourcecode.swift; path = FourCustomView.swift; sourceTree = "<group>"; };
/* End PBXFileReference section */

/* Begin PBXFrameworksBuildPhase section */
		775BE46F2A490E1F00DD68CD /* Frameworks */ = {
			isa = PBXFrameworksBuildPhase;
			buildActionMask = 2147483647;
			files = (
				77C033A62A550676008E95D6 /* Kingfisher in Frameworks */,
				775BE4A32A49A13B00DD68CD /* SnapKit in Frameworks */,
				775BE4A02A49A12D00DD68CD /* GAuthSignin in Frameworks */,
				775BE48B2A4950D500DD68CD /* RxFlow in Frameworks */,
				77C0337D2A52BDD3008E95D6 /* Moya in Frameworks */,
				775BE4A62A49A14E00DD68CD /* Then in Frameworks */,
			);
			runOnlyForDeploymentPostprocessing = 0;
		};
/* End PBXFrameworksBuildPhase section */

/* Begin PBXGroup section */
		771583F72A5E40B100DBD2D4 /* Filter */ = {
			isa = PBXGroup;
			children = (
				771583FA2A5E40C700DBD2D4 /* Cell */,
				771583F92A5E40BF00DBD2D4 /* ViewModel */,
				771583F82A5E40BB00DBD2D4 /* View */,
			);
			path = Filter;
			sourceTree = "<group>";
		};
		771583F82A5E40BB00DBD2D4 /* View */ = {
			isa = PBXGroup;
			children = (
				771583FB2A5E40EA00DBD2D4 /* FilterViewController.swift */,
			);
			path = View;
			sourceTree = "<group>";
		};
		771583F92A5E40BF00DBD2D4 /* ViewModel */ = {
			isa = PBXGroup;
			children = (
				771583FD2A5E40FE00DBD2D4 /* FilterViewModel.swift */,
			);
			path = ViewModel;
			sourceTree = "<group>";
		};
		771583FA2A5E40C700DBD2D4 /* Cell */ = {
			isa = PBXGroup;
			children = (
				771583FF2A5E415900DBD2D4 /* MajorCell.swift */,
			);
			path = Cell;
			sourceTree = "<group>";
		};
		771584012A5E76F600DBD2D4 /* Filtering */ = {
			isa = PBXGroup;
			children = (
				771584022A5E770C00DBD2D4 /* FilterModel.swift */,
			);
			path = Filtering;
			sourceTree = "<group>";
		};
		771584042A5FB83300DBD2D4 /* Account */ = {
			isa = PBXGroup;
			children = (
				771584052A5FB83B00DBD2D4 /* Profile */,
			);
			path = Account;
			sourceTree = "<group>";
		};
		771584052A5FB83B00DBD2D4 /* Profile */ = {
			isa = PBXGroup;
			children = (
				771584062A5FB84900DBD2D4 /* ProfileModel.swift */,
			);
			path = Profile;
			sourceTree = "<group>";
		};
		771584082A5FB8A500DBD2D4 /* Account */ = {
			isa = PBXGroup;
			children = (
				771584092A5FB8B100DBD2D4 /* AccountServices.swift */,
			);
			path = Account;
			sourceTree = "<group>";
		};
		7715840B2A600B8800DBD2D4 /* Edit */ = {
			isa = PBXGroup;
			children = (
				7715840D2A600BA000DBD2D4 /* ViewModel */,
				7715840C2A600B9B00DBD2D4 /* View */,
			);
			path = Edit;
			sourceTree = "<group>";
		};
		7715840C2A600B9B00DBD2D4 /* View */ = {
			isa = PBXGroup;
			children = (
				771584102A600BDE00DBD2D4 /* EditViewController.swift */,
			);
			path = View;
			sourceTree = "<group>";
		};
		7715840D2A600BA000DBD2D4 /* ViewModel */ = {
			isa = PBXGroup;
			children = (
				7715840E2A600BCA00DBD2D4 /* EditViewModel.swift */,
			);
			path = ViewModel;
			sourceTree = "<group>";
		};
		775BE4692A490E1F00DD68CD = {
			isa = PBXGroup;
			children = (
				775BE4742A490E1F00DD68CD /* job-gsm */,
				775BE4732A490E1F00DD68CD /* Products */,
			);
			sourceTree = "<group>";
		};
		775BE4732A490E1F00DD68CD /* Products */ = {
			isa = PBXGroup;
			children = (
				775BE4722A490E1F00DD68CD /* job-gsm.app */,
			);
			name = Products;
			sourceTree = "<group>";
		};
		775BE4742A490E1F00DD68CD /* job-gsm */ = {
			isa = PBXGroup;
			children = (
				775BE4C92A4AFBDB00DD68CD /* DesignSystem */,
				775BE48C2A49806000DD68CD /* Resources */,
				775BE48D2A49806E00DD68CD /* Sources */,
				775BE4832A490E2000DD68CD /* Info.plist */,
			);
			path = "job-gsm";
			sourceTree = "<group>";
		};
		775BE48C2A49806000DD68CD /* Resources */ = {
			isa = PBXGroup;
			children = (
				775BE4B32A49A71900DD68CD /* Font */,
				775BE4BA2A49A7A200DD68CD /* Extension */,
				775BE4802A490E2000DD68CD /* LaunchScreen.storyboard */,
				775BE47E2A490E2000DD68CD /* Assets.xcassets */,
			);
			path = Resources;
			sourceTree = "<group>";
		};
		775BE48D2A49806E00DD68CD /* Sources */ = {
			isa = PBXGroup;
			children = (
				775BE48E2A49808A00DD68CD /* Application */,
				775BE48F2A49808E00DD68CD /* Data */,
				775BE4902A49809900DD68CD /* Presentation */,
			);
			path = Sources;
			sourceTree = "<group>";
		};
		775BE48E2A49808A00DD68CD /* Application */ = {
			isa = PBXGroup;
			children = (
				775BE4922A4980BF00DD68CD /* Flow */,
			);
			path = Application;
			sourceTree = "<group>";
		};
		775BE48F2A49808E00DD68CD /* Data */ = {
			isa = PBXGroup;
			children = (
				77C0336A2A52B82F008E95D6 /* General */,
				77C0336B2A52B83E008E95D6 /* Model */,
				77C0336C2A52B851008E95D6 /* Request */,
				77C0336D2A52B868008E95D6 /* Services */,
			);
			path = Data;
			sourceTree = "<group>";
		};
		775BE4902A49809900DD68CD /* Presentation */ = {
			isa = PBXGroup;
			children = (
				77C0334B2A4C4962008E95D6 /* TabBar */,
				77C033342A4C2FDD008E95D6 /* Intro */,
				77C0332D2A4C2F1A008E95D6 /* Main */,
				775BE4912A4980AF00DD68CD /* Base */,
			);
			path = Presentation;
			sourceTree = "<group>";
		};
		775BE4912A4980AF00DD68CD /* Base */ = {
			isa = PBXGroup;
			children = (
				775BE4942A4980EE00DD68CD /* ViewModel */,
				775BE4932A4980E900DD68CD /* View */,
			);
			path = Base;
			sourceTree = "<group>";
		};
		775BE4922A4980BF00DD68CD /* Flow */ = {
			isa = PBXGroup;
			children = (
				775BE4752A490E1F00DD68CD /* AppDelegate.swift */,
				775BE4772A490E1F00DD68CD /* SceneDelegate.swift */,
				775BE4A92A49A2E500DD68CD /* AppFlow.swift */,
				775BE4AB2A49A34F00DD68CD /* Step */,
				775BE4AE2A49A3CF00DD68CD /* Flows */,
			);
			path = Flow;
			sourceTree = "<group>";
		};
		775BE4932A4980E900DD68CD /* View */ = {
			isa = PBXGroup;
			children = (
				775BE4952A49867800DD68CD /* BaseViewController.swift */,
			);
			path = View;
			sourceTree = "<group>";
		};
		775BE4942A4980EE00DD68CD /* ViewModel */ = {
			isa = PBXGroup;
			children = (
				775BE4792A490E1F00DD68CD /* BaseViewModel.swift */,
			);
			path = ViewModel;
			sourceTree = "<group>";
		};
		775BE4972A4987F400DD68CD /* OnBoarding */ = {
			isa = PBXGroup;
			children = (
				775BE4992A49881F00DD68CD /* ViewModel */,
				775BE4982A49881B00DD68CD /* View */,
			);
			path = OnBoarding;
			sourceTree = "<group>";
		};
		775BE4982A49881B00DD68CD /* View */ = {
			isa = PBXGroup;
			children = (
				775BE4A72A49A19A00DD68CD /* OnBoardingViewController.swift */,
			);
			path = View;
			sourceTree = "<group>";
		};
		775BE4992A49881F00DD68CD /* ViewModel */ = {
			isa = PBXGroup;
			children = (
				775BE49A2A49A05F00DD68CD /* OnBoardingViewModel.swift */,
			);
			path = ViewModel;
			sourceTree = "<group>";
		};
		775BE4AB2A49A34F00DD68CD /* Step */ = {
			isa = PBXGroup;
			children = (
				775BE4AC2A49A36A00DD68CD /* JGStep.swift */,
			);
			path = Step;
			sourceTree = "<group>";
		};
		775BE4AE2A49A3CF00DD68CD /* Flows */ = {
			isa = PBXGroup;
			children = (
				775BE4AF2A49A3F000DD68CD /* Main */,
				775BE4B02A49A3F400DD68CD /* OnBoarding */,
			);
			path = Flows;
			sourceTree = "<group>";
		};
		775BE4AF2A49A3F000DD68CD /* Main */ = {
			isa = PBXGroup;
			children = (
				77C033482A4C4836008E95D6 /* TabBar */,
				77C033472A4C3228008E95D6 /* Items */,
			);
			path = Main;
			sourceTree = "<group>";
		};
		775BE4B02A49A3F400DD68CD /* OnBoarding */ = {
			isa = PBXGroup;
			children = (
				775BE4B12A49A43F00DD68CD /* OnBoardingFlow.swift */,
			);
			path = OnBoarding;
			sourceTree = "<group>";
		};
		775BE4B32A49A71900DD68CD /* Font */ = {
			isa = PBXGroup;
			children = (
				775BE4B62A49A78200DD68CD /* NotoSansKR-Bold.otf */,
				775BE4B42A49A78200DD68CD /* NotoSansKR-Medium.otf */,
				775BE4B52A49A78200DD68CD /* NotoSansKR-Regular.otf */,
			);
			path = Font;
			sourceTree = "<group>";
		};
		775BE4BA2A49A7A200DD68CD /* Extension */ = {
			isa = PBXGroup;
			children = (
				775BE4BB2A49A7B500DD68CD /* UIFont.swift */,
				775BE4BE2A49A85500DD68CD /* UIColor.swift */,
				775BE4C02A49DB0F00DD68CD /* Bundle.swift */,
				775BE4D02A4C205F00DD68CD /* TextField.swift */,
				77C033832A52DF78008E95D6 /* JGToken.swift */,
				77C033852A52E014008E95D6 /* JGRefreshToken.swift */,
			);
			path = Extension;
			sourceTree = "<group>";
		};
		775BE4C22A4AF98400DD68CD /* InsertInfo */ = {
			isa = PBXGroup;
			children = (
				775BE4C42A4AF98E00DD68CD /* ViewModel */,
				775BE4C32A4AF98B00DD68CD /* View */,
			);
			path = InsertInfo;
			sourceTree = "<group>";
		};
		775BE4C32A4AF98B00DD68CD /* View */ = {
			isa = PBXGroup;
			children = (
				775BE4C72A4AFAE500DD68CD /* InsertInfoViewController.swift */,
			);
			name = View;
			sourceTree = "<group>";
		};
		775BE4C42A4AF98E00DD68CD /* ViewModel */ = {
			isa = PBXGroup;
			children = (
				775BE4C52A4AF99D00DD68CD /* InsertInfoViewModel.swift */,
			);
			name = ViewModel;
			sourceTree = "<group>";
		};
		775BE4C92A4AFBDB00DD68CD /* DesignSystem */ = {
			isa = PBXGroup;
			children = (
				77C033AA2A5507DC008E95D6 /* DetailView */,
				77C0335E2A4DC56E008E95D6 /* HomeLogo */,
				775BE4D22A4C27FB00DD68CD /* Button */,
				775BE4CA2A4AFBE800DD68CD /* TextField */,
			);
			path = DesignSystem;
			sourceTree = "<group>";
		};
		775BE4CA2A4AFBE800DD68CD /* TextField */ = {
			isa = PBXGroup;
			children = (
				775BE4CB2A4AFC1100DD68CD /* JGTextField.swift */,
				771584122A600D1900DBD2D4 /* EditTextField.swift */,
			);
			path = TextField;
			sourceTree = "<group>";
		};
		775BE4D22A4C27FB00DD68CD /* Button */ = {
			isa = PBXGroup;
			children = (
				775BE4D52A4C281B00DD68CD /* JGButton.swift */,
			);
			path = Button;
			sourceTree = "<group>";
		};
		77C0332D2A4C2F1A008E95D6 /* Main */ = {
			isa = PBXGroup;
			children = (
				7715840B2A600B8800DBD2D4 /* Edit */,
				771583F72A5E40B100DBD2D4 /* Filter */,
				77C033A72A550731008E95D6 /* Detail */,
				77C0333F2A4C3102008E95D6 /* Profile */,
				77C033382A4C30A5008E95D6 /* MOU */,
				77C0332E2A4C2F38008E95D6 /* Home */,
			);
			path = Main;
			sourceTree = "<group>";
		};
		77C0332E2A4C2F38008E95D6 /* Home */ = {
			isa = PBXGroup;
			children = (
				77C033612A4DC8D5008E95D6 /* Cell */,
				77C033302A4C2F67008E95D6 /* ViewModel */,
				77C0332F2A4C2F63008E95D6 /* View */,
			);
			path = Home;
			sourceTree = "<group>";
		};
		77C0332F2A4C2F63008E95D6 /* View */ = {
			isa = PBXGroup;
			children = (
				77C033312A4C2F8A008E95D6 /* HomeViewController.swift */,
			);
			path = View;
			sourceTree = "<group>";
		};
		77C033302A4C2F67008E95D6 /* ViewModel */ = {
			isa = PBXGroup;
			children = (
				77C033362A4C2FFA008E95D6 /* HomeViewModel.swift */,
			);
			path = ViewModel;
			sourceTree = "<group>";
		};
		77C033342A4C2FDD008E95D6 /* Intro */ = {
			isa = PBXGroup;
			children = (
				775BE4C22A4AF98400DD68CD /* InsertInfo */,
				775BE4972A4987F400DD68CD /* OnBoarding */,
			);
			path = Intro;
			sourceTree = "<group>";
		};
		77C033382A4C30A5008E95D6 /* MOU */ = {
			isa = PBXGroup;
			children = (
				77C033642A4DE956008E95D6 /* Cell */,
				77C0333A2A4C30AF008E95D6 /* ViewModel */,
				77C033392A4C30AB008E95D6 /* View */,
			);
			path = MOU;
			sourceTree = "<group>";
		};
		77C033392A4C30AB008E95D6 /* View */ = {
			isa = PBXGroup;
			children = (
				77C0333B2A4C30BF008E95D6 /* MOUViewController.swift */,
			);
			path = View;
			sourceTree = "<group>";
		};
		77C0333A2A4C30AF008E95D6 /* ViewModel */ = {
			isa = PBXGroup;
			children = (
				77C0333D2A4C30D1008E95D6 /* MOUViewModel.swift */,
			);
			path = ViewModel;
			sourceTree = "<group>";
		};
		77C0333F2A4C3102008E95D6 /* Profile */ = {
			isa = PBXGroup;
			children = (
				77C033672A52A7CE008E95D6 /* Cell */,
				77C033412A4C310C008E95D6 /* ViewModel */,
				77C033402A4C3108008E95D6 /* View */,
			);
			path = Profile;
			sourceTree = "<group>";
		};
		77C033402A4C3108008E95D6 /* View */ = {
			isa = PBXGroup;
			children = (
				77C033432A4C312B008E95D6 /* ProfileViewController.swift */,
			);
			path = View;
			sourceTree = "<group>";
		};
		77C033412A4C310C008E95D6 /* ViewModel */ = {
			isa = PBXGroup;
			children = (
				77C033452A4C313A008E95D6 /* ProfileViewModel.swift */,
			);
			path = ViewModel;
			sourceTree = "<group>";
		};
		77C033472A4C3228008E95D6 /* Items */ = {
			isa = PBXGroup;
			children = (
				77C0334E2A4C4ADF008E95D6 /* HomeFlow.swift */,
				77C033502A4C4AF5008E95D6 /* MOUFlow.swift */,
				77C033522A4C4B01008E95D6 /* ProfileFlow.swift */,
			);
			path = Items;
			sourceTree = "<group>";
		};
		77C033482A4C4836008E95D6 /* TabBar */ = {
			isa = PBXGroup;
			children = (
				77C033492A4C4856008E95D6 /* TabBarFlow.swift */,
			);
			path = TabBar;
			sourceTree = "<group>";
		};
		77C0334B2A4C4962008E95D6 /* TabBar */ = {
			isa = PBXGroup;
			children = (
				77C0334C2A4C4978008E95D6 /* JGTabBar.swift */,
			);
			path = TabBar;
			sourceTree = "<group>";
		};
		77C0335E2A4DC56E008E95D6 /* HomeLogo */ = {
			isa = PBXGroup;
			children = (
				77C0335F2A4DC581008E95D6 /* JGHomeLogo.swift */,
			);
			path = HomeLogo;
			sourceTree = "<group>";
		};
		77C033612A4DC8D5008E95D6 /* Cell */ = {
			isa = PBXGroup;
			children = (
				77C033622A4DC8E3008E95D6 /* HomeListCell.swift */,
			);
			path = Cell;
			sourceTree = "<group>";
		};
		77C033642A4DE956008E95D6 /* Cell */ = {
			isa = PBXGroup;
			children = (
				77C033652A4DE964008E95D6 /* MOUListCell.swift */,
			);
			path = Cell;
			sourceTree = "<group>";
		};
		77C033672A52A7CE008E95D6 /* Cell */ = {
			isa = PBXGroup;
			children = (
				77C033682A52A7E1008E95D6 /* UserCell.swift */,
			);
			path = Cell;
			sourceTree = "<group>";
		};
		77C0336A2A52B82F008E95D6 /* General */ = {
			isa = PBXGroup;
			children = (
				77C0336F2A52B88B008E95D6 /* BaseURL.swift */,
			);
			path = General;
			sourceTree = "<group>";
		};
		77C0336B2A52B83E008E95D6 /* Model */ = {
			isa = PBXGroup;
			children = (
				771584042A5FB83300DBD2D4 /* Account */,
				77C0339C2A54E787008E95D6 /* Job */,
				77C033712A52BCA7008E95D6 /* Auth */,
			);
			path = Model;
			sourceTree = "<group>";
		};
		77C0336C2A52B851008E95D6 /* Request */ = {
			isa = PBXGroup;
			children = (
				77C033752A52BD12008E95D6 /* Auth */,
			);
			path = Request;
			sourceTree = "<group>";
		};
		77C0336D2A52B868008E95D6 /* Services */ = {
			isa = PBXGroup;
			children = (
				771584082A5FB8A500DBD2D4 /* Account */,
				77C033A12A54E889008E95D6 /* Job */,
				77C033782A52BD54008E95D6 /* Auth */,
			);
			path = Services;
			sourceTree = "<group>";
		};
		77C033712A52BCA7008E95D6 /* Auth */ = {
			isa = PBXGroup;
			children = (
				77C0337E2A52DDEF008E95D6 /* RefreshToken */,
				77C033742A52BCBD008E95D6 /* SignIn */,
			);
			path = Auth;
			sourceTree = "<group>";
		};
		77C033742A52BCBD008E95D6 /* SignIn */ = {
			isa = PBXGroup;
			children = (
				77C033722A52BCB0008E95D6 /* SignInModel.swift */,
			);
			path = SignIn;
			sourceTree = "<group>";
		};
		77C033752A52BD12008E95D6 /* Auth */ = {
			isa = PBXGroup;
			children = (
				77C033762A52BD2C008E95D6 /* SignInRequest.swift */,
			);
			path = Auth;
			sourceTree = "<group>";
		};
		77C033782A52BD54008E95D6 /* Auth */ = {
			isa = PBXGroup;
			children = (
				77C033792A52BD62008E95D6 /* AuthServices.swift */,
			);
			path = Auth;
			sourceTree = "<group>";
		};
		77C0337E2A52DDEF008E95D6 /* RefreshToken */ = {
			isa = PBXGroup;
			children = (
				77C0337F2A52DE02008E95D6 /* RefreshTokenModel.swift */,
			);
			path = RefreshToken;
			sourceTree = "<group>";
		};
		77C0339C2A54E787008E95D6 /* Job */ = {
			isa = PBXGroup;
			children = (
				771584012A5E76F600DBD2D4 /* Filtering */,
				77C033B82A556CC4008E95D6 /* Detail */,
				77C0339D2A54E7A6008E95D6 /* HomeList */,
			);
			path = Job;
			sourceTree = "<group>";
		};
		77C0339D2A54E7A6008E95D6 /* HomeList */ = {
			isa = PBXGroup;
			children = (
				77C0339E2A54E7B7008E95D6 /* HomeListModel.swift */,
			);
			path = HomeList;
			sourceTree = "<group>";
		};
		77C033A12A54E889008E95D6 /* Job */ = {
			isa = PBXGroup;
			children = (
				77C033A22A54E896008E95D6 /* JobServices.swift */,
			);
			path = Job;
			sourceTree = "<group>";
		};
		77C033A72A550731008E95D6 /* Detail */ = {
			isa = PBXGroup;
			children = (
				77C033A92A55073C008E95D6 /* ViewModel */,
				77C033A82A550736008E95D6 /* View */,
			);
			path = Detail;
			sourceTree = "<group>";
		};
		77C033A82A550736008E95D6 /* View */ = {
			isa = PBXGroup;
			children = (
				77C033B32A5509CB008E95D6 /* DetailViewController.swift */,
			);
			path = View;
			sourceTree = "<group>";
		};
		77C033A92A55073C008E95D6 /* ViewModel */ = {
			isa = PBXGroup;
			children = (
				77C033B12A550956008E95D6 /* DetailViewModel.swift */,
			);
			path = ViewModel;
			sourceTree = "<group>";
		};
		77C033AA2A5507DC008E95D6 /* DetailView */ = {
			isa = PBXGroup;
			children = (
				77C033C42A5684E9008E95D6 /* fourCustomView */,
				77C033C12A5657ED008E95D6 /* SingleCustomView */,
				77C033BE2A564CDD008E95D6 /* MajorLabel */,
				77C033AB2A5507EB008E95D6 /* Title */,
				77C033AC2A5507FA008E95D6 /* Content */,
			);
			path = DetailView;
			sourceTree = "<group>";
		};
		77C033AB2A5507EB008E95D6 /* Title */ = {
			isa = PBXGroup;
			children = (
				77C033AD2A550815008E95D6 /* DetailTitle.swift */,
			);
			path = Title;
			sourceTree = "<group>";
		};
		77C033AC2A5507FA008E95D6 /* Content */ = {
			isa = PBXGroup;
			children = (
				77C033AF2A55081D008E95D6 /* DetailContent.swift */,
			);
			path = Content;
			sourceTree = "<group>";
		};
		77C033B82A556CC4008E95D6 /* Detail */ = {
			isa = PBXGroup;
			children = (
				77C033B92A556CD3008E95D6 /* DetailModel.swift */,
			);
			path = Detail;
			sourceTree = "<group>";
		};
		77C033BE2A564CDD008E95D6 /* MajorLabel */ = {
			isa = PBXGroup;
			children = (
				77C033BF2A564CEE008E95D6 /* MajorLabel.swift */,
			);
			path = MajorLabel;
			sourceTree = "<group>";
		};
		77C033C12A5657ED008E95D6 /* SingleCustomView */ = {
			isa = PBXGroup;
			children = (
				77C033C22A565804008E95D6 /* SingleCustomView.swift */,
			);
			path = SingleCustomView;
			sourceTree = "<group>";
		};
		77C033C42A5684E9008E95D6 /* fourCustomView */ = {
			isa = PBXGroup;
			children = (
				77C033C52A568509008E95D6 /* FourCustomView.swift */,
			);
			path = fourCustomView;
			sourceTree = "<group>";
		};
/* End PBXGroup section */

/* Begin PBXNativeTarget section */
		775BE4712A490E1F00DD68CD /* job-gsm */ = {
			isa = PBXNativeTarget;
			buildConfigurationList = 775BE4862A490E2000DD68CD /* Build configuration list for PBXNativeTarget "job-gsm" */;
			buildPhases = (
				775BE46E2A490E1F00DD68CD /* Sources */,
				775BE46F2A490E1F00DD68CD /* Frameworks */,
				775BE4702A490E1F00DD68CD /* Resources */,
			);
			buildRules = (
			);
			dependencies = (
			);
			name = "job-gsm";
			packageProductDependencies = (
				775BE48A2A4950D500DD68CD /* RxFlow */,
				775BE49F2A49A12D00DD68CD /* GAuthSignin */,
				775BE4A22A49A13B00DD68CD /* SnapKit */,
				775BE4A52A49A14E00DD68CD /* Then */,
				77C0337C2A52BDD3008E95D6 /* Moya */,
				77C033A52A550676008E95D6 /* Kingfisher */,
			);
			productName = "job-gsm";
			productReference = 775BE4722A490E1F00DD68CD /* job-gsm.app */;
			productType = "com.apple.product-type.application";
		};
/* End PBXNativeTarget section */

/* Begin PBXProject section */
		775BE46A2A490E1F00DD68CD /* Project object */ = {
			isa = PBXProject;
			attributes = {
				BuildIndependentTargetsInParallel = 1;
				LastSwiftUpdateCheck = 1430;
				LastUpgradeCheck = 1430;
				TargetAttributes = {
					775BE4712A490E1F00DD68CD = {
						CreatedOnToolsVersion = 14.3.1;
					};
				};
			};
			buildConfigurationList = 775BE46D2A490E1F00DD68CD /* Build configuration list for PBXProject "job-gsm" */;
			compatibilityVersion = "Xcode 14.0";
			developmentRegion = en;
			hasScannedForEncodings = 0;
			knownRegions = (
				en,
				Base,
			);
			mainGroup = 775BE4692A490E1F00DD68CD;
			packageReferences = (
				775BE4892A4950D500DD68CD /* XCRemoteSwiftPackageReference "RxFlow" */,
				775BE49E2A49A12D00DD68CD /* XCRemoteSwiftPackageReference "GAuthSignin-Swift" */,
				775BE4A12A49A13B00DD68CD /* XCRemoteSwiftPackageReference "SnapKit" */,
				775BE4A42A49A14E00DD68CD /* XCRemoteSwiftPackageReference "Then" */,
				77C0337B2A52BDD3008E95D6 /* XCRemoteSwiftPackageReference "Moya" */,
				77C033A42A550676008E95D6 /* XCRemoteSwiftPackageReference "Kingfisher" */,
			);
			productRefGroup = 775BE4732A490E1F00DD68CD /* Products */;
			projectDirPath = "";
			projectRoot = "";
			targets = (
				775BE4712A490E1F00DD68CD /* job-gsm */,
			);
		};
/* End PBXProject section */

/* Begin PBXResourcesBuildPhase section */
		775BE4702A490E1F00DD68CD /* Resources */ = {
			isa = PBXResourcesBuildPhase;
			buildActionMask = 2147483647;
			files = (
				775BE4B72A49A78200DD68CD /* NotoSansKR-Medium.otf in Resources */,
				775BE4822A490E2000DD68CD /* LaunchScreen.storyboard in Resources */,
				775BE4B82A49A78200DD68CD /* NotoSansKR-Regular.otf in Resources */,
				775BE47F2A490E2000DD68CD /* Assets.xcassets in Resources */,
				775BE4B92A49A78200DD68CD /* NotoSansKR-Bold.otf in Resources */,
			);
			runOnlyForDeploymentPostprocessing = 0;
		};
/* End PBXResourcesBuildPhase section */

/* Begin PBXSourcesBuildPhase section */
		775BE46E2A490E1F00DD68CD /* Sources */ = {
			isa = PBXSourcesBuildPhase;
			buildActionMask = 2147483647;
			files = (
				7715840F2A600BCA00DBD2D4 /* EditViewModel.swift in Sources */,
				77C033372A4C2FFA008E95D6 /* HomeViewModel.swift in Sources */,
				775BE4C12A49DB0F00DD68CD /* Bundle.swift in Sources */,
				771584132A600D1900DBD2D4 /* EditTextField.swift in Sources */,
				77C033602A4DC581008E95D6 /* JGHomeLogo.swift in Sources */,
				77C033AE2A550815008E95D6 /* DetailTitle.swift in Sources */,
				775BE4C82A4AFAE500DD68CD /* InsertInfoViewController.swift in Sources */,
				77C033A32A54E896008E95D6 /* JobServices.swift in Sources */,
				775BE4AD2A49A36A00DD68CD /* JGStep.swift in Sources */,
				77C033802A52DE02008E95D6 /* RefreshTokenModel.swift in Sources */,
				775BE4D62A4C281B00DD68CD /* JGButton.swift in Sources */,
				771584072A5FB84900DBD2D4 /* ProfileModel.swift in Sources */,
				77C033C32A565804008E95D6 /* SingleCustomView.swift in Sources */,
				77C033772A52BD2C008E95D6 /* SignInRequest.swift in Sources */,
				775BE4BF2A49A85500DD68CD /* UIColor.swift in Sources */,
				77C033442A4C312B008E95D6 /* ProfileViewController.swift in Sources */,
				771584032A5E770C00DBD2D4 /* FilterModel.swift in Sources */,
				77C033692A52A7E1008E95D6 /* UserCell.swift in Sources */,
				77C033322A4C2F8A008E95D6 /* HomeViewController.swift in Sources */,
				775BE4AA2A49A2E500DD68CD /* AppFlow.swift in Sources */,
				77C033C02A564CEE008E95D6 /* MajorLabel.swift in Sources */,
				775BE47A2A490E1F00DD68CD /* BaseViewModel.swift in Sources */,
				77C0334F2A4C4ADF008E95D6 /* HomeFlow.swift in Sources */,
				77C033512A4C4AF5008E95D6 /* MOUFlow.swift in Sources */,
				771584112A600BDE00DBD2D4 /* EditViewController.swift in Sources */,
				77C033842A52DF78008E95D6 /* JGToken.swift in Sources */,
				77C0337A2A52BD62008E95D6 /* AuthServices.swift in Sources */,
				77C0333E2A4C30D1008E95D6 /* MOUViewModel.swift in Sources */,
				77C033532A4C4B01008E95D6 /* ProfileFlow.swift in Sources */,
				77C0339F2A54E7B7008E95D6 /* HomeListModel.swift in Sources */,
				77C033BA2A556CD3008E95D6 /* DetailModel.swift in Sources */,
				775BE4D12A4C205F00DD68CD /* TextField.swift in Sources */,
				775BE4CC2A4AFC1100DD68CD /* JGTextField.swift in Sources */,
				775BE4962A49867800DD68CD /* BaseViewController.swift in Sources */,
				775BE49B2A49A05F00DD68CD /* OnBoardingViewModel.swift in Sources */,
				77C033B42A5509CB008E95D6 /* DetailViewController.swift in Sources */,
				77C0334A2A4C4856008E95D6 /* TabBarFlow.swift in Sources */,
				77C033462A4C313A008E95D6 /* ProfileViewModel.swift in Sources */,
				775BE4BC2A49A7B500DD68CD /* UIFont.swift in Sources */,
				771583FE2A5E40FE00DBD2D4 /* FilterViewModel.swift in Sources */,
				7715840A2A5FB8B100DBD2D4 /* AccountServices.swift in Sources */,
				77C033B02A55081D008E95D6 /* DetailContent.swift in Sources */,
				77C033C62A568509008E95D6 /* FourCustomView.swift in Sources */,
				77C033B22A550956008E95D6 /* DetailViewModel.swift in Sources */,
				77C0333C2A4C30BF008E95D6 /* MOUViewController.swift in Sources */,
				775BE4A82A49A19A00DD68CD /* OnBoardingViewController.swift in Sources */,
				775BE4762A490E1F00DD68CD /* AppDelegate.swift in Sources */,
				77C0334D2A4C4978008E95D6 /* JGTabBar.swift in Sources */,
				77C033732A52BCB0008E95D6 /* SignInModel.swift in Sources */,
				771584002A5E415900DBD2D4 /* MajorCell.swift in Sources */,
				77C033632A4DC8E3008E95D6 /* HomeListCell.swift in Sources */,
				775BE4782A490E1F00DD68CD /* SceneDelegate.swift in Sources */,
				771583FC2A5E40EA00DBD2D4 /* FilterViewController.swift in Sources */,
				77C033862A52E014008E95D6 /* JGRefreshToken.swift in Sources */,
				775BE4C62A4AF99D00DD68CD /* InsertInfoViewModel.swift in Sources */,
				775BE4B22A49A43F00DD68CD /* OnBoardingFlow.swift in Sources */,
				77C033662A4DE964008E95D6 /* MOUListCell.swift in Sources */,
				77C033702A52B88B008E95D6 /* BaseURL.swift in Sources */,
			);
			runOnlyForDeploymentPostprocessing = 0;
		};
/* End PBXSourcesBuildPhase section */

/* Begin PBXVariantGroup section */
		775BE4802A490E2000DD68CD /* LaunchScreen.storyboard */ = {
			isa = PBXVariantGroup;
			children = (
				775BE4812A490E2000DD68CD /* Base */,
			);
			name = LaunchScreen.storyboard;
			sourceTree = "<group>";
		};
/* End PBXVariantGroup section */

/* Begin XCBuildConfiguration section */
		775BE4842A490E2000DD68CD /* Debug */ = {
			isa = XCBuildConfiguration;
			buildSettings = {
				ALWAYS_SEARCH_USER_PATHS = NO;
				CLANG_ANALYZER_NONNULL = YES;
				CLANG_ANALYZER_NUMBER_OBJECT_CONVERSION = YES_AGGRESSIVE;
				CLANG_CXX_LANGUAGE_STANDARD = "gnu++20";
				CLANG_ENABLE_MODULES = YES;
				CLANG_ENABLE_OBJC_ARC = YES;
				CLANG_ENABLE_OBJC_WEAK = YES;
				CLANG_WARN_BLOCK_CAPTURE_AUTORELEASING = YES;
				CLANG_WARN_BOOL_CONVERSION = YES;
				CLANG_WARN_COMMA = YES;
				CLANG_WARN_CONSTANT_CONVERSION = YES;
				CLANG_WARN_DEPRECATED_OBJC_IMPLEMENTATIONS = YES;
				CLANG_WARN_DIRECT_OBJC_ISA_USAGE = YES_ERROR;
				CLANG_WARN_DOCUMENTATION_COMMENTS = YES;
				CLANG_WARN_EMPTY_BODY = YES;
				CLANG_WARN_ENUM_CONVERSION = YES;
				CLANG_WARN_INFINITE_RECURSION = YES;
				CLANG_WARN_INT_CONVERSION = YES;
				CLANG_WARN_NON_LITERAL_NULL_CONVERSION = YES;
				CLANG_WARN_OBJC_IMPLICIT_RETAIN_SELF = YES;
				CLANG_WARN_OBJC_LITERAL_CONVERSION = YES;
				CLANG_WARN_OBJC_ROOT_CLASS = YES_ERROR;
				CLANG_WARN_QUOTED_INCLUDE_IN_FRAMEWORK_HEADER = YES;
				CLANG_WARN_RANGE_LOOP_ANALYSIS = YES;
				CLANG_WARN_STRICT_PROTOTYPES = YES;
				CLANG_WARN_SUSPICIOUS_MOVE = YES;
				CLANG_WARN_UNGUARDED_AVAILABILITY = YES_AGGRESSIVE;
				CLANG_WARN_UNREACHABLE_CODE = YES;
				CLANG_WARN__DUPLICATE_METHOD_MATCH = YES;
				COPY_PHASE_STRIP = NO;
				DEBUG_INFORMATION_FORMAT = dwarf;
				ENABLE_STRICT_OBJC_MSGSEND = YES;
				ENABLE_TESTABILITY = YES;
				GCC_C_LANGUAGE_STANDARD = gnu11;
				GCC_DYNAMIC_NO_PIC = NO;
				GCC_NO_COMMON_BLOCKS = YES;
				GCC_OPTIMIZATION_LEVEL = 0;
				GCC_PREPROCESSOR_DEFINITIONS = (
					"DEBUG=1",
					"$(inherited)",
				);
				GCC_WARN_64_TO_32_BIT_CONVERSION = YES;
				GCC_WARN_ABOUT_RETURN_TYPE = YES_ERROR;
				GCC_WARN_UNDECLARED_SELECTOR = YES;
				GCC_WARN_UNINITIALIZED_AUTOS = YES_AGGRESSIVE;
				GCC_WARN_UNUSED_FUNCTION = YES;
				GCC_WARN_UNUSED_VARIABLE = YES;
				IPHONEOS_DEPLOYMENT_TARGET = 16.4;
				MTL_ENABLE_DEBUG_INFO = INCLUDE_SOURCE;
				MTL_FAST_MATH = YES;
				ONLY_ACTIVE_ARCH = YES;
				SDKROOT = iphoneos;
				SWIFT_ACTIVE_COMPILATION_CONDITIONS = DEBUG;
				SWIFT_OPTIMIZATION_LEVEL = "-Onone";
			};
			name = Debug;
		};
		775BE4852A490E2000DD68CD /* Release */ = {
			isa = XCBuildConfiguration;
			buildSettings = {
				ALWAYS_SEARCH_USER_PATHS = NO;
				CLANG_ANALYZER_NONNULL = YES;
				CLANG_ANALYZER_NUMBER_OBJECT_CONVERSION = YES_AGGRESSIVE;
				CLANG_CXX_LANGUAGE_STANDARD = "gnu++20";
				CLANG_ENABLE_MODULES = YES;
				CLANG_ENABLE_OBJC_ARC = YES;
				CLANG_ENABLE_OBJC_WEAK = YES;
				CLANG_WARN_BLOCK_CAPTURE_AUTORELEASING = YES;
				CLANG_WARN_BOOL_CONVERSION = YES;
				CLANG_WARN_COMMA = YES;
				CLANG_WARN_CONSTANT_CONVERSION = YES;
				CLANG_WARN_DEPRECATED_OBJC_IMPLEMENTATIONS = YES;
				CLANG_WARN_DIRECT_OBJC_ISA_USAGE = YES_ERROR;
				CLANG_WARN_DOCUMENTATION_COMMENTS = YES;
				CLANG_WARN_EMPTY_BODY = YES;
				CLANG_WARN_ENUM_CONVERSION = YES;
				CLANG_WARN_INFINITE_RECURSION = YES;
				CLANG_WARN_INT_CONVERSION = YES;
				CLANG_WARN_NON_LITERAL_NULL_CONVERSION = YES;
				CLANG_WARN_OBJC_IMPLICIT_RETAIN_SELF = YES;
				CLANG_WARN_OBJC_LITERAL_CONVERSION = YES;
				CLANG_WARN_OBJC_ROOT_CLASS = YES_ERROR;
				CLANG_WARN_QUOTED_INCLUDE_IN_FRAMEWORK_HEADER = YES;
				CLANG_WARN_RANGE_LOOP_ANALYSIS = YES;
				CLANG_WARN_STRICT_PROTOTYPES = YES;
				CLANG_WARN_SUSPICIOUS_MOVE = YES;
				CLANG_WARN_UNGUARDED_AVAILABILITY = YES_AGGRESSIVE;
				CLANG_WARN_UNREACHABLE_CODE = YES;
				CLANG_WARN__DUPLICATE_METHOD_MATCH = YES;
				COPY_PHASE_STRIP = NO;
				DEBUG_INFORMATION_FORMAT = "dwarf-with-dsym";
				ENABLE_NS_ASSERTIONS = NO;
				ENABLE_STRICT_OBJC_MSGSEND = YES;
				GCC_C_LANGUAGE_STANDARD = gnu11;
				GCC_NO_COMMON_BLOCKS = YES;
				GCC_WARN_64_TO_32_BIT_CONVERSION = YES;
				GCC_WARN_ABOUT_RETURN_TYPE = YES_ERROR;
				GCC_WARN_UNDECLARED_SELECTOR = YES;
				GCC_WARN_UNINITIALIZED_AUTOS = YES_AGGRESSIVE;
				GCC_WARN_UNUSED_FUNCTION = YES;
				GCC_WARN_UNUSED_VARIABLE = YES;
				IPHONEOS_DEPLOYMENT_TARGET = 16.4;
				MTL_ENABLE_DEBUG_INFO = NO;
				MTL_FAST_MATH = YES;
				SDKROOT = iphoneos;
				SWIFT_COMPILATION_MODE = wholemodule;
				SWIFT_OPTIMIZATION_LEVEL = "-O";
				VALIDATE_PRODUCT = YES;
			};
			name = Release;
		};
		775BE4872A490E2000DD68CD /* Debug */ = {
			isa = XCBuildConfiguration;
			buildSettings = {
				ASSETCATALOG_COMPILER_APPICON_NAME = AppIcon;
				ASSETCATALOG_COMPILER_GLOBAL_ACCENT_COLOR_NAME = AccentColor;
				CODE_SIGN_STYLE = Automatic;
				CURRENT_PROJECT_VERSION = 1;
				DEVELOPMENT_TEAM = 5GD5Q99952;
				GENERATE_INFOPLIST_FILE = YES;
				INFOPLIST_FILE = "job-gsm/Info.plist";
				INFOPLIST_KEY_UIApplicationSupportsIndirectInputEvents = YES;
				INFOPLIST_KEY_UILaunchStoryboardName = LaunchScreen;
				INFOPLIST_KEY_UISupportedInterfaceOrientations_iPad = "UIInterfaceOrientationPortrait UIInterfaceOrientationPortraitUpsideDown UIInterfaceOrientationLandscapeLeft UIInterfaceOrientationLandscapeRight";
				INFOPLIST_KEY_UISupportedInterfaceOrientations_iPhone = "UIInterfaceOrientationPortrait UIInterfaceOrientationLandscapeLeft UIInterfaceOrientationLandscapeRight";
				LD_RUNPATH_SEARCH_PATHS = (
					"$(inherited)",
					"@executable_path/Frameworks",
				);
				MARKETING_VERSION = 1.0;
				PRODUCT_BUNDLE_IDENTIFIER = "Minjae.job-gsm";
				PRODUCT_NAME = "$(TARGET_NAME)";
				SWIFT_EMIT_LOC_STRINGS = YES;
				SWIFT_VERSION = 5.0;
				TARGETED_DEVICE_FAMILY = "1,2";
			};
			name = Debug;
		};
		775BE4882A490E2000DD68CD /* Release */ = {
			isa = XCBuildConfiguration;
			buildSettings = {
				ASSETCATALOG_COMPILER_APPICON_NAME = AppIcon;
				ASSETCATALOG_COMPILER_GLOBAL_ACCENT_COLOR_NAME = AccentColor;
				CODE_SIGN_STYLE = Automatic;
				CURRENT_PROJECT_VERSION = 1;
				DEVELOPMENT_TEAM = 5GD5Q99952;
				GENERATE_INFOPLIST_FILE = YES;
				INFOPLIST_FILE = "job-gsm/Info.plist";
				INFOPLIST_KEY_UIApplicationSupportsIndirectInputEvents = YES;
				INFOPLIST_KEY_UILaunchStoryboardName = LaunchScreen;
				INFOPLIST_KEY_UISupportedInterfaceOrientations_iPad = "UIInterfaceOrientationPortrait UIInterfaceOrientationPortraitUpsideDown UIInterfaceOrientationLandscapeLeft UIInterfaceOrientationLandscapeRight";
				INFOPLIST_KEY_UISupportedInterfaceOrientations_iPhone = "UIInterfaceOrientationPortrait UIInterfaceOrientationLandscapeLeft UIInterfaceOrientationLandscapeRight";
				LD_RUNPATH_SEARCH_PATHS = (
					"$(inherited)",
					"@executable_path/Frameworks",
				);
				MARKETING_VERSION = 1.0;
				PRODUCT_BUNDLE_IDENTIFIER = "Minjae.job-gsm";
				PRODUCT_NAME = "$(TARGET_NAME)";
				SWIFT_EMIT_LOC_STRINGS = YES;
				SWIFT_VERSION = 5.0;
				TARGETED_DEVICE_FAMILY = "1,2";
			};
			name = Release;
		};
/* End XCBuildConfiguration section */

/* Begin XCConfigurationList section */
		775BE46D2A490E1F00DD68CD /* Build configuration list for PBXProject "job-gsm" */ = {
			isa = XCConfigurationList;
			buildConfigurations = (
				775BE4842A490E2000DD68CD /* Debug */,
				775BE4852A490E2000DD68CD /* Release */,
			);
			defaultConfigurationIsVisible = 0;
			defaultConfigurationName = Release;
		};
		775BE4862A490E2000DD68CD /* Build configuration list for PBXNativeTarget "job-gsm" */ = {
			isa = XCConfigurationList;
			buildConfigurations = (
				775BE4872A490E2000DD68CD /* Debug */,
				775BE4882A490E2000DD68CD /* Release */,
			);
			defaultConfigurationIsVisible = 0;
			defaultConfigurationName = Release;
		};
/* End XCConfigurationList section */

/* Begin XCRemoteSwiftPackageReference section */
		775BE4892A4950D500DD68CD /* XCRemoteSwiftPackageReference "RxFlow" */ = {
			isa = XCRemoteSwiftPackageReference;
			repositoryURL = "https://github.com/RxSwiftCommunity/RxFlow";
			requirement = {
				kind = upToNextMajorVersion;
				minimumVersion = 2.0.0;
			};
		};
		775BE49E2A49A12D00DD68CD /* XCRemoteSwiftPackageReference "GAuthSignin-Swift" */ = {
			isa = XCRemoteSwiftPackageReference;
			repositoryURL = "https://github.com/GSM-MSG/GAuthSignin-Swift";
			requirement = {
				kind = upToNextMajorVersion;
				minimumVersion = 0.0.3;
			};
		};
		775BE4A12A49A13B00DD68CD /* XCRemoteSwiftPackageReference "SnapKit" */ = {
			isa = XCRemoteSwiftPackageReference;
			repositoryURL = "https://github.com/SnapKit/SnapKit";
			requirement = {
				kind = upToNextMajorVersion;
				minimumVersion = 5.0.0;
			};
		};
		775BE4A42A49A14E00DD68CD /* XCRemoteSwiftPackageReference "Then" */ = {
			isa = XCRemoteSwiftPackageReference;
			repositoryURL = "https://github.com/devxoul/Then";
			requirement = {
				kind = upToNextMajorVersion;
				minimumVersion = 3.0.0;
			};
		};
		77C0337B2A52BDD3008E95D6 /* XCRemoteSwiftPackageReference "Moya" */ = {
			isa = XCRemoteSwiftPackageReference;
			repositoryURL = "https://github.com/Moya/Moya";
			requirement = {
				kind = upToNextMajorVersion;
				minimumVersion = 15.0.0;
			};
		};
		77C033A42A550676008E95D6 /* XCRemoteSwiftPackageReference "Kingfisher" */ = {
			isa = XCRemoteSwiftPackageReference;
			repositoryURL = "https://github.com/onevcat/Kingfisher";
			requirement = {
				kind = upToNextMajorVersion;
				minimumVersion = 7.0.0;
			};
		};
/* End XCRemoteSwiftPackageReference section */

/* Begin XCSwiftPackageProductDependency section */
		775BE48A2A4950D500DD68CD /* RxFlow */ = {
			isa = XCSwiftPackageProductDependency;
			package = 775BE4892A4950D500DD68CD /* XCRemoteSwiftPackageReference "RxFlow" */;
			productName = RxFlow;
		};
		775BE49F2A49A12D00DD68CD /* GAuthSignin */ = {
			isa = XCSwiftPackageProductDependency;
			package = 775BE49E2A49A12D00DD68CD /* XCRemoteSwiftPackageReference "GAuthSignin-Swift" */;
			productName = GAuthSignin;
		};
		775BE4A22A49A13B00DD68CD /* SnapKit */ = {
			isa = XCSwiftPackageProductDependency;
			package = 775BE4A12A49A13B00DD68CD /* XCRemoteSwiftPackageReference "SnapKit" */;
			productName = SnapKit;
		};
		775BE4A52A49A14E00DD68CD /* Then */ = {
			isa = XCSwiftPackageProductDependency;
			package = 775BE4A42A49A14E00DD68CD /* XCRemoteSwiftPackageReference "Then" */;
			productName = Then;
		};
		77C0337C2A52BDD3008E95D6 /* Moya */ = {
			isa = XCSwiftPackageProductDependency;
			package = 77C0337B2A52BDD3008E95D6 /* XCRemoteSwiftPackageReference "Moya" */;
			productName = Moya;
		};
		77C033A52A550676008E95D6 /* Kingfisher */ = {
			isa = XCSwiftPackageProductDependency;
			package = 77C033A42A550676008E95D6 /* XCRemoteSwiftPackageReference "Kingfisher" */;
			productName = Kingfisher;
		};
/* End XCSwiftPackageProductDependency section */
	};
	rootObject = 775BE46A2A490E1F00DD68CD /* Project object */;
}
